PODS:
  - ffavc (1.0.1)
  - libpag (4.0.5.11)
  - Masonry (1.1.0)
  - Toast (4.0.0)

DEPENDENCIES:
  - ffavc
  - libpag
  - Masonry
  - Toast

SPEC REPOS:
  trunk:
    - ffavc
    - libpag
    - Masonry
    - Toast

SPEC CHECKSUMS:
  ffavc: 04d06e3c85aa03185dbf00cc0a834311e4b2bcaa
  libpag: bbec0035bb2c18f6d30b6478c1a1e3cbbc26c38d
  Masonry: 678fab65091a9290e40e2832a55e7ab731aad201
  Toast: 91b396c56ee72a5790816f40d3a94dd357abc196

PODFILE CHECKSUM: 4e06fbcff50e5b1d0ac4a8e0ea8f091c572967fb

COCOAPODS: 1.11.3
