PODS:
  - ffavc (1.0.1)
  - libpag (4.2.16)
  - Masonry (1.1.0)
  - Toast (4.0.0)

DEPENDENCIES:
  - ffavc
  - libpag (= 4.2.16)
  - Masonry
  - Toast

SPEC REPOS:
  trunk:
    - ffavc
    - libpag
    - Masonry
    - Toast

SPEC CHECKSUMS:
  ffavc: 04d06e3c85aa03185dbf00cc0a834311e4b2bcaa
  libpag: 8c8d40b046e404d1985d1380ccd9f0055b699281
  Masonry: 678fab65091a9290e40e2832a55e7ab731aad201
  Toast: 91b396c56ee72a5790816f40d3a94dd357abc196

PODFILE CHECKSUM: ad8f054c7c5535eaeb243aaab6851eb8e0222d15

COCOAPODS: 1.11.3
